
Microsoft Visual Studio Solution File, Format Version 12.00
# Visual Studio 15
VisualStudioVersion = 15.0.27309.0
MinimumVisualStudioVersion = 10.0.40219.1
Project("{FAE04EC0-301F-11D3-BF4B-00C04F79EFBC}") = "LTASettlementAduit", "LTASettlementAduit\LTASettlementAduit.csproj", "{EE337BB3-34D5-4D91-A37D-2D5D1947850C}"
EndProject
Global
	GlobalSection(SolutionConfigurationPlatforms) = preSolution
		Debug|Any CPU = Debug|Any CPU
		Release|Any CPU = Release|Any CPU
	EndGlobalSection
	GlobalSection(ProjectConfigurationPlatforms) = postSolution
		{EE337BB3-34D5-4D91-A37D-2D5D1947850C}.Debug|Any CPU.ActiveCfg = Debug|Any CPU
		{EE337BB3-34D5-4D91-A37D-2D5D1947850C}.Debug|Any CPU.Build.0 = Debug|Any CPU
		{EE337BB3-34D5-4D91-A37D-2D5D1947850C}.Release|Any CPU.ActiveCfg = Release|Any CPU
		{EE337BB3-34D5-4D91-A37D-2D5D1947850C}.Release|Any CPU.Build.0 = Release|Any CPU
	EndGlobalSection
	GlobalSection(SolutionProperties) = preSolution
		HideSolutionNode = FALSE
	EndGlobalSection
	GlobalSection(ExtensibilityGlobals) = postSolution
		SolutionGuid = {1295EF42-C456-43C1-AB03-B1A9724310BC}
	EndGlobalSection
EndGlobal
